
Microsoft Visual Studio Solution File, Format Version 12.00
# Visual Studio Version 16
VisualStudioVersion = 16.0.30330.147
MinimumVisualStudioVersion = 10.0.40219.1
Project("{FAE04EC0-301F-11D3-BF4B-00C04F79EFBC}") = "SL_DoNotSleep", "SL_DoNotSleep\SL_DoNotSleep.csproj", "{68F352B9-A9D3-4F2F-812A-A0DCD363C23E}"
EndProject
Global
	GlobalSection(SolutionConfigurationPlatforms) = preSolution
		Debug|Any CPU = Debug|Any CPU
		Release|Any CPU = Release|Any CPU
	EndGlobalSection
	GlobalSection(ProjectConfigurationPlatforms) = postSolution
		{68F352B9-A9D3-4F2F-812A-A0DCD363C23E}.Debug|Any CPU.ActiveCfg = Debug|Any CPU
		{68F352B9-A9D3-4F2F-812A-A0DCD363C23E}.Debug|Any CPU.Build.0 = Debug|Any CPU
		{68F352B9-A9D3-4F2F-812A-A0DCD363C23E}.Release|Any CPU.ActiveCfg = Release|Any CPU
		{68F352B9-A9D3-4F2F-812A-A0DCD363C23E}.Release|Any CPU.Build.0 = Release|Any CPU
	EndGlobalSection
	GlobalSection(SolutionProperties) = preSolution
		HideSolutionNode = FALSE
	EndGlobalSection
	GlobalSection(ExtensibilityGlobals) = postSolution
		SolutionGuid = {7D956FA8-EE2A-40B2-BA84-145CBE9C8FB0}
	EndGlobalSection
EndGlobal
